// !$*UTF8*$!
{
	archiveVersion = 1;
	classes = {
	};
	objectVersion = 46;
	objects = {

/* Begin PBXBuildFile section */
		B53D3D681F0801F3006A44F8 /* OrderButton.swift in Sources */ = {isa = PBXBuildFile; fileRef = B53D3D671F0801F3006A44F8 /* OrderButton.swift */; };
		B53D3D6C1F08075A006A44F8 /* ColorExtensions.swift in Sources */ = {isa = PBXBuildFile; fileRef = B53D3D6B1F08075A006A44F8 /* ColorExtensions.swift */; };
		B53D3D811F081816006A44F8 /* AddImagesViewController.swift in Sources */ = {isa = PBXBuildFile; fileRef = B53D3D801F081816006A44F8 /* AddImagesViewController.swift */; };
		B59CC6BC1EE9AB97006D17E2 /* MainNavigationViewController.swift in Sources */ = {isa = PBXBuildFile; fileRef = B59CC6BB1EE9AB97006D17E2 /* MainNavigationViewController.swift */; };
		B5E60EE21ED96D7500B17AE1 /* AppDelegate.swift in Sources */ = {isa = PBXBuildFile; fileRef = B5E60EE11ED96D7500B17AE1 /* AppDelegate.swift */; };
		B5E60EE41ED96D7500B17AE1 /* StartViewController.swift in Sources */ = {isa = PBXBuildFile; fileRef = B5E60EE31ED96D7500B17AE1 /* StartViewController.swift */; };
		B5E60EE71ED96D7500B17AE1 /* Main.storyboard in Resources */ = {isa = PBXBuildFile; fileRef = B5E60EE51ED96D7500B17AE1 /* Main.storyboard */; };
		B5E60EE91ED96D7500B17AE1 /* Assets.xcassets in Resources */ = {isa = PBXBuildFile; fileRef = B5E60EE81ED96D7500B17AE1 /* Assets.xcassets */; };
		B5E60EEC1ED96D7500B17AE1 /* LaunchScreen.storyboard in Resources */ = {isa = PBXBuildFile; fileRef = B5E60EEA1ED96D7500B17AE1 /* LaunchScreen.storyboard */; };
		B5E60EFF1EDAB33100B17AE1 /* AppColors.swift in Sources */ = {isa = PBXBuildFile; fileRef = B5E60EFE1EDAB33100B17AE1 /* AppColors.swift */; };
/* End PBXBuildFile section */

/* Begin PBXFileReference section */
		B53D3D671F0801F3006A44F8 /* OrderButton.swift */ = {isa = PBXFileReference; fileEncoding = 4; lastKnownFileType = sourcecode.swift; path = OrderButton.swift; sourceTree = "<group>"; };
		B53D3D6B1F08075A006A44F8 /* ColorExtensions.swift */ = {isa = PBXFileReference; fileEncoding = 4; lastKnownFileType = sourcecode.swift; path = ColorExtensions.swift; sourceTree = "<group>"; };
		B53D3D801F081816006A44F8 /* AddImagesViewController.swift */ = {isa = PBXFileReference; fileEncoding = 4; lastKnownFileType = sourcecode.swift; name = AddImagesViewController.swift; path = AddImagesViewController.swift; sourceTree = "<group>"; };
		B59CC6BB1EE9AB97006D17E2 /* MainNavigationViewController.swift */ = {isa = PBXFileReference; fileEncoding = 4; lastKnownFileType = sourcecode.swift; path = MainNavigationViewController.swift; sourceTree = "<group>"; };
		B5E60EDE1ED96D7500B17AE1 /* FotoABild.app */ = {isa = PBXFileReference; explicitFileType = wrapper.application; includeInIndex = 0; path = FotoABild.app; sourceTree = BUILT_PRODUCTS_DIR; };
		B5E60EE11ED96D7500B17AE1 /* AppDelegate.swift */ = {isa = PBXFileReference; lastKnownFileType = sourcecode.swift; path = AppDelegate.swift; sourceTree = "<group>"; };
		B5E60EE31ED96D7500B17AE1 /* StartViewController.swift */ = {isa = PBXFileReference; lastKnownFileType = sourcecode.swift; path = StartViewController.swift; sourceTree = "<group>"; };
		B5E60EE61ED96D7500B17AE1 /* Base */ = {isa = PBXFileReference; lastKnownFileType = file.storyboard; name = Base; path = Base.lproj/Main.storyboard; sourceTree = "<group>"; };
		B5E60EE81ED96D7500B17AE1 /* Assets.xcassets */ = {isa = PBXFileReference; lastKnownFileType = folder.assetcatalog; path = Assets.xcassets; sourceTree = "<group>"; };
		B5E60EEB1ED96D7500B17AE1 /* Base */ = {isa = PBXFileReference; lastKnownFileType = file.storyboard; name = Base; path = Base.lproj/LaunchScreen.storyboard; sourceTree = "<group>"; };
		B5E60EED1ED96D7500B17AE1 /* Info.plist */ = {isa = PBXFileReference; lastKnownFileType = text.plist.xml; path = Info.plist; sourceTree = "<group>"; };
		B5E60EFE1EDAB33100B17AE1 /* AppColors.swift */ = {isa = PBXFileReference; fileEncoding = 4; lastKnownFileType = sourcecode.swift; path = AppColors.swift; sourceTree = "<group>"; };
/* End PBXFileReference section */

/* Begin PBXFrameworksBuildPhase section */
		B5E60EDB1ED96D7500B17AE1 /* Frameworks */ = {
			isa = PBXFrameworksBuildPhase;
			buildActionMask = 2147483647;
			files = (
			);
			runOnlyForDeploymentPostprocessing = 0;
		};
/* End PBXFrameworksBuildPhase section */

/* Begin PBXGroup section */
		B53D3D6A1F080708006A44F8 /* Extension */ = {
			isa = PBXGroup;
			children = (
				B53D3D6B1F08075A006A44F8 /* ColorExtensions.swift */,
			);
			path = Extension;
			sourceTree = "<group>";
		};
		B53D3D7D1F080E05006A44F8 /* Views */ = {
			isa = PBXGroup;
			children = (
				B53D3D7F1F0816F2006A44F8 /* AddImages */,
				B53D3D7E1F080E0D006A44F8 /* Start */,
			);
			path = Views;
			sourceTree = "<group>";
		};
		B53D3D7E1F080E0D006A44F8 /* Start */ = {
			isa = PBXGroup;
			children = (
				B53D3D671F0801F3006A44F8 /* OrderButton.swift */,
				B5E60EE31ED96D7500B17AE1 /* StartViewController.swift */,
			);
			path = Start;
			sourceTree = "<group>";
		};
		B53D3D7F1F0816F2006A44F8 /* AddImages */ = {
			isa = PBXGroup;
			children = (
				B53D3D801F081816006A44F8 /* AddImagesViewController.swift */,
			);
			name = AddImages;
			path = AddImages;
			sourceTree = "<group>";
		};
		B5E60ED51ED96D7500B17AE1 = {
			isa = PBXGroup;
			children = (
				B5E60EE01ED96D7500B17AE1 /* FotoABild */,
				B5E60EDF1ED96D7500B17AE1 /* Products */,
			);
			sourceTree = "<group>";
		};
		B5E60EDF1ED96D7500B17AE1 /* Products */ = {
			isa = PBXGroup;
			children = (
				B5E60EDE1ED96D7500B17AE1 /* FotoABild.app */,
			);
			name = Products;
			sourceTree = "<group>";
		};
		B5E60EE01ED96D7500B17AE1 /* FotoABild */ = {
			isa = PBXGroup;
			children = (
				B53D3D6A1F080708006A44F8 /* Extension */,
				B5E60EFD1EDAB30700B17AE1 /* Helper */,
				B53D3D7D1F080E05006A44F8 /* Views */,
				B5E60EE11ED96D7500B17AE1 /* AppDelegate.swift */,
				B5E60EE81ED96D7500B17AE1 /* Assets.xcassets */,
				B5E60EED1ED96D7500B17AE1 /* Info.plist */,
				B5E60EEA1ED96D7500B17AE1 /* LaunchScreen.storyboard */,
				B5E60EE51ED96D7500B17AE1 /* Main.storyboard */,
				B59CC6BB1EE9AB97006D17E2 /* MainNavigationViewController.swift */,
			);
			path = FotoABild;
			sourceTree = "<group>";
		};
		B5E60EFD1EDAB30700B17AE1 /* Helper */ = {
			isa = PBXGroup;
			children = (
				B5E60EFE1EDAB33100B17AE1 /* AppColors.swift */,
			);
			path = Helper;
			sourceTree = "<group>";
		};
/* End PBXGroup section */

/* Begin PBXNativeTarget section */
		B5E60EDD1ED96D7500B17AE1 /* FotoABild */ = {
			isa = PBXNativeTarget;
			buildConfigurationList = B5E60EF01ED96D7500B17AE1 /* Build configuration list for PBXNativeTarget "FotoABild" */;
			buildPhases = (
				B5E60EDA1ED96D7500B17AE1 /* Sources */,
				B5E60EDB1ED96D7500B17AE1 /* Frameworks */,
				B5E60EDC1ED96D7500B17AE1 /* Resources */,
			);
			buildRules = (
			);
			dependencies = (
			);
			name = FotoABild;
			productName = FotoABild;
			productReference = B5E60EDE1ED96D7500B17AE1 /* FotoABild.app */;
			productType = "com.apple.product-type.application";
		};
/* End PBXNativeTarget section */

/* Begin PBXProject section */
		B5E60ED61ED96D7500B17AE1 /* Project object */ = {
			isa = PBXProject;
			attributes = {
				LastSwiftUpdateCheck = 0800;
				LastUpgradeCheck = 0800;
				ORGANIZATIONNAME = FotoABild;
				TargetAttributes = {
					B5E60EDD1ED96D7500B17AE1 = {
						CreatedOnToolsVersion = 8.0;
						ProvisioningStyle = Automatic;
					};
				};
			};
			buildConfigurationList = B5E60ED91ED96D7500B17AE1 /* Build configuration list for PBXProject "FotoABild" */;
			compatibilityVersion = "Xcode 3.2";
			developmentRegion = English;
			hasScannedForEncodings = 0;
			knownRegions = (
				en,
				Base,
			);
			mainGroup = B5E60ED51ED96D7500B17AE1;
			productRefGroup = B5E60EDF1ED96D7500B17AE1 /* Products */;
			projectDirPath = "";
			projectRoot = "";
			targets = (
				B5E60EDD1ED96D7500B17AE1 /* FotoABild */,
			);
		};
/* End PBXProject section */

/* Begin PBXResourcesBuildPhase section */
		B5E60EDC1ED96D7500B17AE1 /* Resources */ = {
			isa = PBXResourcesBuildPhase;
			buildActionMask = 2147483647;
			files = (
				B5E60EEC1ED96D7500B17AE1 /* LaunchScreen.storyboard in Resources */,
				B5E60EE91ED96D7500B17AE1 /* Assets.xcassets in Resources */,
				B5E60EE71ED96D7500B17AE1 /* Main.storyboard in Resources */,
			);
			runOnlyForDeploymentPostprocessing = 0;
		};
/* End PBXResourcesBuildPhase section */

/* Begin PBXSourcesBuildPhase section */
		B5E60EDA1ED96D7500B17AE1 /* Sources */ = {
			isa = PBXSourcesBuildPhase;
			buildActionMask = 2147483647;
			files = (
				B5E60EE41ED96D7500B17AE1 /* StartViewController.swift in Sources */,
				B5E60EFF1EDAB33100B17AE1 /* AppColors.swift in Sources */,
				B5E60EE21ED96D7500B17AE1 /* AppDelegate.swift in Sources */,
				B53D3D681F0801F3006A44F8 /* OrderButton.swift in Sources */,
				B53D3D811F081816006A44F8 /* AddImagesViewController.swift in Sources */,
				B59CC6BC1EE9AB97006D17E2 /* MainNavigationViewController.swift in Sources */,
				B53D3D6C1F08075A006A44F8 /* ColorExtensions.swift in Sources */,
			);
			runOnlyForDeploymentPostprocessing = 0;
		};
/* End PBXSourcesBuildPhase section */

/* Begin PBXVariantGroup section */
		B5E60EE51ED96D7500B17AE1 /* Main.storyboard */ = {
			isa = PBXVariantGroup;
			children = (
				B5E60EE61ED96D7500B17AE1 /* Base */,
			);
			name = Main.storyboard;
			path = .;
			sourceTree = "<group>";
		};
		B5E60EEA1ED96D7500B17AE1 /* LaunchScreen.storyboard */ = {
			isa = PBXVariantGroup;
			children = (
				B5E60EEB1ED96D7500B17AE1 /* Base */,
			);
			name = LaunchScreen.storyboard;
			path = .;
			sourceTree = "<group>";
		};
/* End PBXVariantGroup section */

/* Begin XCBuildConfiguration section */
		B5E60EEE1ED96D7500B17AE1 /* Debug */ = {
			isa = XCBuildConfiguration;
			buildSettings = {
				ALWAYS_SEARCH_USER_PATHS = NO;
				CLANG_ANALYZER_NONNULL = YES;
				CLANG_CXX_LANGUAGE_STANDARD = "gnu++0x";
				CLANG_CXX_LIBRARY = "libc++";
				CLANG_ENABLE_MODULES = YES;
				CLANG_ENABLE_OBJC_ARC = YES;
				CLANG_WARN_BOOL_CONVERSION = YES;
				CLANG_WARN_CONSTANT_CONVERSION = YES;
				CLANG_WARN_DIRECT_OBJC_ISA_USAGE = YES_ERROR;
				CLANG_WARN_DOCUMENTATION_COMMENTS = YES;
				CLANG_WARN_EMPTY_BODY = YES;
				CLANG_WARN_ENUM_CONVERSION = YES;
				CLANG_WARN_INFINITE_RECURSION = YES;
				CLANG_WARN_INT_CONVERSION = YES;
				CLANG_WARN_OBJC_ROOT_CLASS = YES_ERROR;
				CLANG_WARN_SUSPICIOUS_MOVES = YES;
				CLANG_WARN_UNREACHABLE_CODE = YES;
				CLANG_WARN__DUPLICATE_METHOD_MATCH = YES;
				"CODE_SIGN_IDENTITY[sdk=iphoneos*]" = "iPhone Developer";
				COPY_PHASE_STRIP = NO;
				DEBUG_INFORMATION_FORMAT = dwarf;
				ENABLE_STRICT_OBJC_MSGSEND = YES;
				ENABLE_TESTABILITY = YES;
				GCC_C_LANGUAGE_STANDARD = gnu99;
				GCC_DYNAMIC_NO_PIC = NO;
				GCC_NO_COMMON_BLOCKS = YES;
				GCC_OPTIMIZATION_LEVEL = 0;
				GCC_PREPROCESSOR_DEFINITIONS = (
					"DEBUG=1",
					"$(inherited)",
				);
				GCC_WARN_64_TO_32_BIT_CONVERSION = YES;
				GCC_WARN_ABOUT_RETURN_TYPE = YES_ERROR;
				GCC_WARN_UNDECLARED_SELECTOR = YES;
				GCC_WARN_UNINITIALIZED_AUTOS = YES_AGGRESSIVE;
				GCC_WARN_UNUSED_FUNCTION = YES;
				GCC_WARN_UNUSED_VARIABLE = YES;
				IPHONEOS_DEPLOYMENT_TARGET = 10.0;
				MTL_ENABLE_DEBUG_INFO = YES;
				ONLY_ACTIVE_ARCH = YES;
				SDKROOT = iphoneos;
				SWIFT_ACTIVE_COMPILATION_CONDITIONS = DEBUG;
				SWIFT_OPTIMIZATION_LEVEL = "-Onone";
			};
			name = Debug;
		};
		B5E60EEF1ED96D7500B17AE1 /* Release */ = {
			isa = XCBuildConfiguration;
			buildSettings = {
				ALWAYS_SEARCH_USER_PATHS = NO;
				CLANG_ANALYZER_NONNULL = YES;
				CLANG_CXX_LANGUAGE_STANDARD = "gnu++0x";
				CLANG_CXX_LIBRARY = "libc++";
				CLANG_ENABLE_MODULES = YES;
				CLANG_ENABLE_OBJC_ARC = YES;
				CLANG_WARN_BOOL_CONVERSION = YES;
				CLANG_WARN_CONSTANT_CONVERSION = YES;
				CLANG_WARN_DIRECT_OBJC_ISA_USAGE = YES_ERROR;
				CLANG_WARN_DOCUMENTATION_COMMENTS = YES;
				CLANG_WARN_EMPTY_BODY = YES;
				CLANG_WARN_ENUM_CONVERSION = YES;
				CLANG_WARN_INFINITE_RECURSION = YES;
				CLANG_WARN_INT_CONVERSION = YES;
				CLANG_WARN_OBJC_ROOT_CLASS = YES_ERROR;
				CLANG_WARN_SUSPICIOUS_MOVES = YES;
				CLANG_WARN_UNREACHABLE_CODE = YES;
				CLANG_WARN__DUPLICATE_METHOD_MATCH = YES;
				"CODE_SIGN_IDENTITY[sdk=iphoneos*]" = "iPhone Developer";
				COPY_PHASE_STRIP = NO;
				DEBUG_INFORMATION_FORMAT = "dwarf-with-dsym";
				ENABLE_NS_ASSERTIONS = NO;
				ENABLE_STRICT_OBJC_MSGSEND = YES;
				GCC_C_LANGUAGE_STANDARD = gnu99;
				GCC_NO_COMMON_BLOCKS = YES;
				GCC_WARN_64_TO_32_BIT_CONVERSION = YES;
				GCC_WARN_ABOUT_RETURN_TYPE = YES_ERROR;
				GCC_WARN_UNDECLARED_SELECTOR = YES;
				GCC_WARN_UNINITIALIZED_AUTOS = YES_AGGRESSIVE;
				GCC_WARN_UNUSED_FUNCTION = YES;
				GCC_WARN_UNUSED_VARIABLE = YES;
				IPHONEOS_DEPLOYMENT_TARGET = 10.0;
				MTL_ENABLE_DEBUG_INFO = NO;
				SDKROOT = iphoneos;
				SWIFT_OPTIMIZATION_LEVEL = "-Owholemodule";
				VALIDATE_PRODUCT = YES;
			};
			name = Release;
		};
		B5E60EF11ED96D7500B17AE1 /* Debug */ = {
			isa = XCBuildConfiguration;
			buildSettings = {
				ASSETCATALOG_COMPILER_APPICON_NAME = AppIcon;
				INFOPLIST_FILE = FotoABild/Info.plist;
				LD_RUNPATH_SEARCH_PATHS = "$(inherited) @executable_path/Frameworks";
				PRODUCT_BUNDLE_IDENTIFIER = se.fotoabild.FotoABild;
				PRODUCT_NAME = "$(TARGET_NAME)";
				SWIFT_VERSION = 3.0;
			};
			name = Debug;
		};
		B5E60EF21ED96D7500B17AE1 /* Release */ = {
			isa = XCBuildConfiguration;
			buildSettings = {
				ASSETCATALOG_COMPILER_APPICON_NAME = AppIcon;
				INFOPLIST_FILE = FotoABild/Info.plist;
				LD_RUNPATH_SEARCH_PATHS = "$(inherited) @executable_path/Frameworks";
				PRODUCT_BUNDLE_IDENTIFIER = se.fotoabild.FotoABild;
				PRODUCT_NAME = "$(TARGET_NAME)";
				SWIFT_VERSION = 3.0;
			};
			name = Release;
		};
/* End XCBuildConfiguration section */

/* Begin XCConfigurationList section */
		B5E60ED91ED96D7500B17AE1 /* Build configuration list for PBXProject "FotoABild" */ = {
			isa = XCConfigurationList;
			buildConfigurations = (
				B5E60EEE1ED96D7500B17AE1 /* Debug */,
				B5E60EEF1ED96D7500B17AE1 /* Release */,
			);
			defaultConfigurationIsVisible = 0;
			defaultConfigurationName = Release;
		};
		B5E60EF01ED96D7500B17AE1 /* Build configuration list for PBXNativeTarget "FotoABild" */ = {
			isa = XCConfigurationList;
			buildConfigurations = (
				B5E60EF11ED96D7500B17AE1 /* Debug */,
				B5E60EF21ED96D7500B17AE1 /* Release */,
			);
			defaultConfigurationIsVisible = 0;
			defaultConfigurationName = Release;
		};
/* End XCConfigurationList section */
	};
	rootObject = B5E60ED61ED96D7500B17AE1 /* Project object */;
}
